
Microsoft Visual Studio Solution File, Format Version 12.00
# Visual Studio Version 16
VisualStudioVersion = 16.0.29215.179
MinimumVisualStudioVersion = 10.0.40219.1
Project("{FAE04EC0-301F-11D3-BF4B-00C04F79EFBC}") = "Renamer", "Renamer.csproj", "{41FBC844-FC5C-4DD9-8AC8-2EB550C58C7F}"
EndProject
Global
	GlobalSection(SolutionConfigurationPlatforms) = preSolution
		Debug|Any CPU = Debug|Any CPU
		Release|Any CPU = Release|Any CPU
	EndGlobalSection
	GlobalSection(ProjectConfigurationPlatforms) = postSolution
		{41FBC844-FC5C-4DD9-8AC8-2EB550C58C7F}.Debug|Any CPU.ActiveCfg = Debug|Any CPU
		{41FBC844-FC5C-4DD9-8AC8-2EB550C58C7F}.Debug|Any CPU.Build.0 = Debug|Any CPU
		{41FBC844-FC5C-4DD9-8AC8-2EB550C58C7F}.Release|Any CPU.ActiveCfg = Release|Any CPU
		{41FBC844-FC5C-4DD9-8AC8-2EB550C58C7F}.Release|Any CPU.Build.0 = Release|Any CPU
	EndGlobalSection
	GlobalSection(SolutionProperties) = preSolution
		HideSolutionNode = FALSE
	EndGlobalSection
	GlobalSection(ExtensibilityGlobals) = postSolution
		SolutionGuid = {9BFCFB9A-6B65-43C2-B6F5-BCC01A9BA90B}
	EndGlobalSection
EndGlobal
